{
  "name": "musi-app",
  "version": "0.0.0",
  "lockfileVersion": 1,
  "requires": true,
  "dependencies": {
    "@angular/cdk": {
      "version": "5.0.1",
      "resolved": "https://registry.npmjs.org/@angular/cdk/-/cdk-5.0.1.tgz",
      "integrity": "sha512-uK4Vyaf06J8KqePzq35BxMHRGolt35EnbZf9wjCs7eYaghbQ7Pk2xUGoynu5Lj1wAOn5N1/C1nT2/aAH/EE2rw==",
      "requires": {
        "tslib": "1.8.1"
      }
    },
    "@angular/material": {
      "version": "5.0.1",
      "resolved": "https://registry.npmjs.org/@angular/material/-/material-5.0.1.tgz",
      "integrity": "sha512-k95i58ZIVneLE61a5JliM10NSasy9P5C2JJUESo3s/rxt9dq/9XOWpUvNCy49OHYBRFJBlsyrLM6E2V7/tmq4w==",
      "requires": {
        "tslib": "1.8.1"
      }
    },
    "tslib": {
      "version": "1.8.1",
      "resolved": "https://registry.npmjs.org/tslib/-/tslib-1.8.1.tgz",
      "integrity": "sha1-aUavLR1lGnsYY7Ux1uWvpBqkTqw="
    }
  }
}
